
Microsoft Visual Studio Solution File, Format Version 12.00
# Visual Studio Version 17
VisualStudioVersion = 17.7.34221.43
MinimumVisualStudioVersion = 10.0.40219.1
Project("{FAE04EC0-301F-11D3-BF4B-00C04F79EFBC}") = "WebApplication4", "WebApplication4\WebApplication4.csproj", "{1B274C97-1DFA-45CA-8AFB-D9BCA5857FD6}"
EndProject
Global
	GlobalSection(SolutionConfigurationPlatforms) = preSolution
		Debug|Any CPU = Debug|Any CPU
		Release|Any CPU = Release|Any CPU
	EndGlobalSection
	GlobalSection(ProjectConfigurationPlatforms) = postSolution
		{1B274C97-1DFA-45CA-8AFB-D9BCA5857FD6}.Debug|Any CPU.ActiveCfg = Debug|Any CPU
		{1B274C97-1DFA-45CA-8AFB-D9BCA5857FD6}.Debug|Any CPU.Build.0 = Debug|Any CPU
		{1B274C97-1DFA-45CA-8AFB-D9BCA5857FD6}.Release|Any CPU.ActiveCfg = Release|Any CPU
		{1B274C97-1DFA-45CA-8AFB-D9BCA5857FD6}.Release|Any CPU.Build.0 = Release|Any CPU
	EndGlobalSection
	GlobalSection(SolutionProperties) = preSolution
		HideSolutionNode = FALSE
	EndGlobalSection
	GlobalSection(ExtensibilityGlobals) = postSolution
		SolutionGuid = {FE318A75-B083-450B-A47A-539D87BF9B06}
	EndGlobalSection
EndGlobal
